
Microsoft Visual Studio Solution File, Format Version 12.00
# Visual Studio Version 17
VisualStudioVersion = 17.4.33205.214
MinimumVisualStudioVersion = 10.0.40219.1
Project("{2150E333-8FDC-42A3-9474-1A3956D46DE8}") = "src", "src", "{4D0EA975-C4D7-4757-8364-BC07AB1B201D}"
EndProject
Project("{2150E333-8FDC-42A3-9474-1A3956D46DE8}") = "test", "test", "{C183C62A-7A56-4C5A-B5BB-30B28B59EE19}"
EndProject
Project("{2150E333-8FDC-42A3-9474-1A3956D46DE8}") = "API", "API", "{6DB898D9-DC29-477F-A419-C9A309E6B17B}"
EndProject
Project("{9A19103F-16F7-4668-BE54-9A1E7A4F7556}") = "CopyZillaBackend.API", "CopyZillaBackend.API\CopyZillaBackend.API.csproj", "{626983D3-8D60-4D27-93A1-5B1ACB2C7AA1}"
EndProject
Project("{2150E333-8FDC-42A3-9474-1A3956D46DE8}") = "Core", "Core", "{071C9661-DB28-4A75-B76A-0730D6D54166}"
EndProject
Project("{9A19103F-16F7-4668-BE54-9A1E7A4F7556}") = "CopyZillaBackend.Application", "CopyZillaBackend.Application\CopyZillaBackend.Application.csproj", "{7B66C1B7-9EDC-4AFB-B2E3-F03B0EF3384D}"
EndProject
Project("{2150E333-8FDC-42A3-9474-1A3956D46DE8}") = "Infrastructure", "Infrastructure", "{34586A9A-2AB4-4512-B068-AC7CE739A9BC}"
EndProject
Project("{9A19103F-16F7-4668-BE54-9A1E7A4F7556}") = "CopyZillaBackend.Infrastructure", "CopyZillaBackend.Infrastructure\CopyZillaBackend.Infrastructure.csproj", "{673095CB-8B51-4403-ACFE-F73571053C40}"
EndProject
Project("{FAE04EC0-301F-11D3-BF4B-00C04F79EFBC}") = "CopyZillaBackend.Persistence", "CopyZillaBackend.Persistence\CopyZillaBackend.Persistence.csproj", "{3EC4A5C7-0677-472B-8BD7-1D31A389A617}"
EndProject
Project("{FAE04EC0-301F-11D3-BF4B-00C04F79EFBC}") = "CopyZillaBackend.Domain", "CopyZillaBackend.Domain\CopyZillaBackend.Domain.csproj", "{258A8889-355D-4E5C-85D6-9903AF16ED20}"
EndProject
Global
	GlobalSection(SolutionConfigurationPlatforms) = preSolution
		Debug|Any CPU = Debug|Any CPU
		Release|Any CPU = Release|Any CPU
	EndGlobalSection
	GlobalSection(ProjectConfigurationPlatforms) = postSolution
		{626983D3-8D60-4D27-93A1-5B1ACB2C7AA1}.Debug|Any CPU.ActiveCfg = Debug|Any CPU
		{626983D3-8D60-4D27-93A1-5B1ACB2C7AA1}.Debug|Any CPU.Build.0 = Debug|Any CPU
		{626983D3-8D60-4D27-93A1-5B1ACB2C7AA1}.Release|Any CPU.ActiveCfg = Release|Any CPU
		{626983D3-8D60-4D27-93A1-5B1ACB2C7AA1}.Release|Any CPU.Build.0 = Release|Any CPU
		{7B66C1B7-9EDC-4AFB-B2E3-F03B0EF3384D}.Debug|Any CPU.ActiveCfg = Debug|Any CPU
		{7B66C1B7-9EDC-4AFB-B2E3-F03B0EF3384D}.Debug|Any CPU.Build.0 = Debug|Any CPU
		{7B66C1B7-9EDC-4AFB-B2E3-F03B0EF3384D}.Release|Any CPU.ActiveCfg = Release|Any CPU
		{7B66C1B7-9EDC-4AFB-B2E3-F03B0EF3384D}.Release|Any CPU.Build.0 = Release|Any CPU
		{673095CB-8B51-4403-ACFE-F73571053C40}.Debug|Any CPU.ActiveCfg = Debug|Any CPU
		{673095CB-8B51-4403-ACFE-F73571053C40}.Debug|Any CPU.Build.0 = Debug|Any CPU
		{673095CB-8B51-4403-ACFE-F73571053C40}.Release|Any CPU.ActiveCfg = Release|Any CPU
		{673095CB-8B51-4403-ACFE-F73571053C40}.Release|Any CPU.Build.0 = Release|Any CPU
		{3EC4A5C7-0677-472B-8BD7-1D31A389A617}.Debug|Any CPU.ActiveCfg = Debug|Any CPU
		{3EC4A5C7-0677-472B-8BD7-1D31A389A617}.Debug|Any CPU.Build.0 = Debug|Any CPU
		{3EC4A5C7-0677-472B-8BD7-1D31A389A617}.Release|Any CPU.ActiveCfg = Release|Any CPU
		{3EC4A5C7-0677-472B-8BD7-1D31A389A617}.Release|Any CPU.Build.0 = Release|Any CPU
		{258A8889-355D-4E5C-85D6-9903AF16ED20}.Debug|Any CPU.ActiveCfg = Debug|Any CPU
		{258A8889-355D-4E5C-85D6-9903AF16ED20}.Debug|Any CPU.Build.0 = Debug|Any CPU
		{258A8889-355D-4E5C-85D6-9903AF16ED20}.Release|Any CPU.ActiveCfg = Release|Any CPU
		{258A8889-355D-4E5C-85D6-9903AF16ED20}.Release|Any CPU.Build.0 = Release|Any CPU
	EndGlobalSection
	GlobalSection(SolutionProperties) = preSolution
		HideSolutionNode = FALSE
	EndGlobalSection
	GlobalSection(NestedProjects) = preSolution
		{6DB898D9-DC29-477F-A419-C9A309E6B17B} = {4D0EA975-C4D7-4757-8364-BC07AB1B201D}
		{626983D3-8D60-4D27-93A1-5B1ACB2C7AA1} = {6DB898D9-DC29-477F-A419-C9A309E6B17B}
		{071C9661-DB28-4A75-B76A-0730D6D54166} = {4D0EA975-C4D7-4757-8364-BC07AB1B201D}
		{7B66C1B7-9EDC-4AFB-B2E3-F03B0EF3384D} = {071C9661-DB28-4A75-B76A-0730D6D54166}
		{34586A9A-2AB4-4512-B068-AC7CE739A9BC} = {4D0EA975-C4D7-4757-8364-BC07AB1B201D}
		{673095CB-8B51-4403-ACFE-F73571053C40} = {34586A9A-2AB4-4512-B068-AC7CE739A9BC}
		{3EC4A5C7-0677-472B-8BD7-1D31A389A617} = {34586A9A-2AB4-4512-B068-AC7CE739A9BC}
		{258A8889-355D-4E5C-85D6-9903AF16ED20} = {071C9661-DB28-4A75-B76A-0730D6D54166}
	EndGlobalSection
	GlobalSection(ExtensibilityGlobals) = postSolution
		SolutionGuid = {6380D143-60FA-4DF8-A578-5E6971EFC2B5}
	EndGlobalSection
EndGlobal
