
Microsoft Visual Studio Solution File, Format Version 12.00
# Visual Studio Version 16
VisualStudioVersion = 25.0.1705.0
MinimumVisualStudioVersion = 10.0.40219.1
Project("{FAE04EC0-301F-11D3-BF4B-00C04F79EFBC}") = "CopyZillaGenerator.Function", "CopyZillaGenerator.Function\CopyZillaGenerator.Function.csproj", "{93A5B708-4C18-4284-ABE1-FC81600A953A}"
EndProject
Global
	GlobalSection(SolutionConfigurationPlatforms) = preSolution
		Debug|Any CPU = Debug|Any CPU
		Release|Any CPU = Release|Any CPU
	EndGlobalSection
	GlobalSection(ProjectConfigurationPlatforms) = postSolution
		{93A5B708-4C18-4284-ABE1-FC81600A953A}.Debug|Any CPU.ActiveCfg = Debug|Any CPU
		{93A5B708-4C18-4284-ABE1-FC81600A953A}.Debug|Any CPU.Build.0 = Debug|Any CPU
		{93A5B708-4C18-4284-ABE1-FC81600A953A}.Release|Any CPU.ActiveCfg = Release|Any CPU
		{93A5B708-4C18-4284-ABE1-FC81600A953A}.Release|Any CPU.Build.0 = Release|Any CPU
	EndGlobalSection
	GlobalSection(SolutionProperties) = preSolution
		HideSolutionNode = FALSE
	EndGlobalSection
	GlobalSection(ExtensibilityGlobals) = postSolution
		SolutionGuid = {60825DEC-C98C-4D6D-98BD-3B41AF329AD1}
	EndGlobalSection
EndGlobal
